
Microsoft Visual Studio Solution File, Format Version 12.00
# Visual Studio 15
VisualStudioVersion = 15.0.27428.2005
MinimumVisualStudioVersion = 10.0.40219.1
Project("{151D2E53-A2C4-4D7D-83FE-D05416EBD58E}") = "DeployVMs", "DeployVMs\DeployVMs.deployproj", "{E747F6AA-C1E2-41C1-8EC5-3D8805CE6C52}"
EndProject
Global
	GlobalSection(SolutionConfigurationPlatforms) = preSolution
		Debug|Any CPU = Debug|Any CPU
		Release|Any CPU = Release|Any CPU
	EndGlobalSection
	GlobalSection(ProjectConfigurationPlatforms) = postSolution
		{E747F6AA-C1E2-41C1-8EC5-3D8805CE6C52}.Debug|Any CPU.ActiveCfg = Debug|Any CPU
		{E747F6AA-C1E2-41C1-8EC5-3D8805CE6C52}.Debug|Any CPU.Build.0 = Debug|Any CPU
		{E747F6AA-C1E2-41C1-8EC5-3D8805CE6C52}.Release|Any CPU.ActiveCfg = Release|Any CPU
		{E747F6AA-C1E2-41C1-8EC5-3D8805CE6C52}.Release|Any CPU.Build.0 = Release|Any CPU
	EndGlobalSection
	GlobalSection(SolutionProperties) = preSolution
		HideSolutionNode = FALSE
	EndGlobalSection
	GlobalSection(ExtensibilityGlobals) = postSolution
		SolutionGuid = {553EADC6-5824-4102-AE20-7D1E43F3E3D7}
	EndGlobalSection
EndGlobal
